
Microsoft Visual Studio Solution File, Format Version 12.00
Project("{FAE04EC0-301F-11D3-BF4B-00C04F79EFBC}") = "AuditApplication", "AuditApplication\AuditApplication.csproj", "{F1D9317D-C8BF-48B3-9FB8-5B483AF51712}"
EndProject
Global
	GlobalSection(SolutionConfigurationPlatforms) = preSolution
		Debug|Any CPU = Debug|Any CPU
		Release|Any CPU = Release|Any CPU
	EndGlobalSection
	GlobalSection(ProjectConfigurationPlatforms) = postSolution
		{F1D9317D-C8BF-48B3-9FB8-5B483AF51712}.Debug|Any CPU.ActiveCfg = Debug|Any CPU
		{F1D9317D-C8BF-48B3-9FB8-5B483AF51712}.Debug|Any CPU.Build.0 = Debug|Any CPU
		{F1D9317D-C8BF-48B3-9FB8-5B483AF51712}.Release|Any CPU.ActiveCfg = Release|Any CPU
		{F1D9317D-C8BF-48B3-9FB8-5B483AF51712}.Release|Any CPU.Build.0 = Release|Any CPU
	EndGlobalSection
EndGlobal
